
Microsoft Visual Studio Solution File, Format Version 12.00
Project("{FAE04EC0-301F-11D3-BF4B-00C04F79EFBC}") = "SlotMachine", "SlotMachine\SlotMachine.csproj", "{BCC3FC12-9580-405B-9879-84333A09CFB3}"
EndProject
Global
	GlobalSection(SolutionConfigurationPlatforms) = preSolution
		Debug|Any CPU = Debug|Any CPU
		Release|Any CPU = Release|Any CPU
	EndGlobalSection
	GlobalSection(ProjectConfigurationPlatforms) = postSolution
		{BCC3FC12-9580-405B-9879-84333A09CFB3}.Debug|Any CPU.ActiveCfg = Debug|Any CPU
		{BCC3FC12-9580-405B-9879-84333A09CFB3}.Debug|Any CPU.Build.0 = Debug|Any CPU
		{BCC3FC12-9580-405B-9879-84333A09CFB3}.Release|Any CPU.ActiveCfg = Release|Any CPU
		{BCC3FC12-9580-405B-9879-84333A09CFB3}.Release|Any CPU.Build.0 = Release|Any CPU
	EndGlobalSection
EndGlobal
